
Microsoft Visual Studio Solution File, Format Version 12.00
# Visual Studio 2013
VisualStudioVersion = 12.0.31101.0
MinimumVisualStudioVersion = 10.0.40219.1
Project("{FAE04EC0-301F-11D3-BF4B-00C04F79EFBC}") = "langirtOyunu", "langirtOyunu\langirtOyunu.csproj", "{23A17C55-CE32-47F5-BA9B-5B5B4009F2D1}"
EndProject
Project("{6141683F-8A12-4E36-9623-2EB02B2C2303}") = "langirt", "langirt\langirt.isproj", "{810163BD-EAEB-4AD4-B584-50A8FE0C7C9C}"
EndProject
Global
	GlobalSection(SolutionConfigurationPlatforms) = preSolution
		CD_ROM|Any CPU = CD_ROM|Any CPU
		Debug|Any CPU = Debug|Any CPU
		DVD-5|Any CPU = DVD-5|Any CPU
		Release|Any CPU = Release|Any CPU
		SingleImage|Any CPU = SingleImage|Any CPU
	EndGlobalSection
	GlobalSection(ProjectConfigurationPlatforms) = postSolution
		{23A17C55-CE32-47F5-BA9B-5B5B4009F2D1}.CD_ROM|Any CPU.ActiveCfg = Release|Any CPU
		{23A17C55-CE32-47F5-BA9B-5B5B4009F2D1}.CD_ROM|Any CPU.Build.0 = Release|Any CPU
		{23A17C55-CE32-47F5-BA9B-5B5B4009F2D1}.Debug|Any CPU.ActiveCfg = Debug|Any CPU
		{23A17C55-CE32-47F5-BA9B-5B5B4009F2D1}.Debug|Any CPU.Build.0 = Debug|Any CPU
		{23A17C55-CE32-47F5-BA9B-5B5B4009F2D1}.DVD-5|Any CPU.ActiveCfg = Debug|Any CPU
		{23A17C55-CE32-47F5-BA9B-5B5B4009F2D1}.DVD-5|Any CPU.Build.0 = Debug|Any CPU
		{23A17C55-CE32-47F5-BA9B-5B5B4009F2D1}.Release|Any CPU.ActiveCfg = Release|Any CPU
		{23A17C55-CE32-47F5-BA9B-5B5B4009F2D1}.Release|Any CPU.Build.0 = Release|Any CPU
		{23A17C55-CE32-47F5-BA9B-5B5B4009F2D1}.SingleImage|Any CPU.ActiveCfg = Release|Any CPU
		{23A17C55-CE32-47F5-BA9B-5B5B4009F2D1}.SingleImage|Any CPU.Build.0 = Release|Any CPU
		{810163BD-EAEB-4AD4-B584-50A8FE0C7C9C}.CD_ROM|Any CPU.ActiveCfg = CD_ROM
		{810163BD-EAEB-4AD4-B584-50A8FE0C7C9C}.CD_ROM|Any CPU.Build.0 = CD_ROM
		{810163BD-EAEB-4AD4-B584-50A8FE0C7C9C}.Debug|Any CPU.ActiveCfg = DVD-5
		{810163BD-EAEB-4AD4-B584-50A8FE0C7C9C}.Debug|Any CPU.Build.0 = DVD-5
		{810163BD-EAEB-4AD4-B584-50A8FE0C7C9C}.DVD-5|Any CPU.ActiveCfg = DVD-5
		{810163BD-EAEB-4AD4-B584-50A8FE0C7C9C}.DVD-5|Any CPU.Build.0 = DVD-5
		{810163BD-EAEB-4AD4-B584-50A8FE0C7C9C}.Release|Any CPU.ActiveCfg = SingleImage
		{810163BD-EAEB-4AD4-B584-50A8FE0C7C9C}.Release|Any CPU.Build.0 = SingleImage
		{810163BD-EAEB-4AD4-B584-50A8FE0C7C9C}.SingleImage|Any CPU.ActiveCfg = SingleImage
		{810163BD-EAEB-4AD4-B584-50A8FE0C7C9C}.SingleImage|Any CPU.Build.0 = SingleImage
	EndGlobalSection
	GlobalSection(SolutionProperties) = preSolution
		HideSolutionNode = FALSE
	EndGlobalSection
EndGlobal
